<?xml version="1.0" encoding="utf-8"?>
<Project ToolsVersion="4.0" xmlns="http://schemas.microsoft.com/developer/msbuild/2003">
  <ItemGroup>
    <Filter Include="Levels">
      <UniqueIdentifier>{73dce2c9-e78e-48ba-a24f-af472cea24a3}</UniqueIdentifier>
    </Filter>
    <Filter Include="Board">
      <UniqueIdentifier>{c6449539-2088-4424-ae02-9f17f75fc983}</UniqueIdentifier>
    </Filter>
    <Filter Include="Entity">
      <UniqueIdentifier>{e6933181-1a58-4844-a393-4f2192527d4b}</UniqueIdentifier>
    </Filter>
    <Filter Include="Hero">
      <UniqueIdentifier>{50ce611b-c2c2-43f8-806c-eb14c97f8563}</UniqueIdentifier>
    </Filter>
    <Filter Include="Enemy">
      <UniqueIdentifier>{c6e34822-7c54-4682-99e4-78406403561f}</UniqueIdentifier>
    </Filter>
    <Filter Include="Game">
      <UniqueIdentifier>{0c113b0a-feaa-4dce-9dff-e7268e0b90c8}</UniqueIdentifier>
    </Filter>
  </ItemGroup>
  <ItemGroup>
    <ClCompile Include="Board.cpp">
      <Filter>Board</Filter>
    </ClCompile>
    <ClCompile Include="Entity.cpp">
      <Filter>Entity</Filter>
    </ClCompile>
    <ClCompile Include="Hero.cpp">
      <Filter>Hero</Filter>
    </ClCompile>
    <ClCompile Include="Wizard.cpp">
      <Filter>Hero</Filter>
    </ClCompile>
    <ClCompile Include="Enemy.cpp">
      <Filter>Enemy</Filter>
    </ClCompile>
    <ClCompile Include="Chaser.h">
      <Filter>Enemy</Filter>
    </ClCompile>
    <ClCompile Include="Chaser.cpp">
      <Filter>Enemy</Filter>
    </ClCompile>
    <ClCompile Include="Game.cpp">
      <Filter>Game</Filter>
    </ClCompile>
    <ClCompile Include="main.cpp" />
  </ItemGroup>
  <ItemGroup>
    <ClInclude Include="Board.h">
      <Filter>Board</Filter>
    </ClInclude>
    <ClInclude Include="Entity.h">
      <Filter>Entity</Filter>
    </ClInclude>
    <ClInclude Include="Hero.h">
      <Filter>Hero</Filter>
    </ClInclude>
    <ClInclude Include="Wizard.h">
      <Filter>Hero</Filter>
    </ClInclude>
    <ClInclude Include="Enemy.h">
      <Filter>Enemy</Filter>
    </ClInclude>
    <ClInclude Include="Game.h">
      <Filter>Game</Filter>
    </ClInclude>
    <ClInclude Include="Point.h" />
  </ItemGroup>
  <ItemGroup>
    <Text Include="level1.txt">
      <Filter>Levels</Filter>
    </Text>
  </ItemGroup>
</Project>